{
  "version": 4,
  "terraform_version": "1.7.2",
  "serial": 37,
  "lineage": "5473ad3c-b388-9f0b-91ba-a8070d05ed6d",
  "outputs": {
    "instance_id": {
      "value": "i-01afbbdff1792c167",
      "type": "string"
    },
    "instance_public_dns": {
      "value": "",
      "type": "string"
    },
    "instance_public_ip": {
      "value": "35.94.194.20",
      "type": "string"
    },
    "private_key": {
      "value": "-----BEGIN RSA PRIVATE KEY-----\nMIIEowIBAAKCAQEAtU3b+KHxOof6SF/wccClMZ2MvceRKesqnMECRwUBkBEghPdr\n8RaDTaKjS3U1h0FUoJpjYi5ZJRELJD8BHWLSnimkRcbfd2udTh2tgL8KTxz+WKuL\nDcJE66qKVFN1SSn2zBnFwAHsFByxuk1vCQEb35/SLu7yvfPe3oTaQpHKwAVQGXtC\nWY2AUJzlj/Xxy/lK49aO7IM46uoWO2stLBqTmeswb99u2wSqPKJ+XZfK+CKIyU4u\nt0yf/PPQbKxVKRkeW+V7pyznYXTWwFySM9xjuEdj95vRC9cYFjb8i+t+MdmrJw/M\nAvSUh85fXiuAYAuIZfkh3OgiRFw1rAnkGppJbwIDAQABAoIBAFTNEZXWPSwI3PaM\nNT0ng7zUubcsiIfoUHqYRlXskAIQGLtItQrDYm/mIeXR8VMNqiUigVizYAvX0HPI\nKl/R0LycspLWhcBoK+AVPomJEavWXlsgBX7OfokSL/hoPuQVRjPJ3DZGT+NKVpDS\n1hwKkjyDFv7P0ecqEXTYA/R+F6y/Jdd3yAUj62TQizGHRU590JB7a1ebWyxHyt4E\nGnXbtmpWB8AGiqq2bNaXzZ0v+tcVYtdnB7+zckYnXwgCuvnI5FQfG7jsUl9ZWOHE\ntNpQmFAq0xvMF5U69iEtomurytDveG9w0nNiXYjN2m8kzhmsx6e9CEiMHCiowjxU\nEoP0BX0CgYEA0xs37rBJgiD6Fm+BYaSznMAGZ3TNkjTQ8OUgHL8TbDFtWUUDFQwz\nP6AXlnU5Uegd2GZs1H8+vuTOcEFi7l6k1Kv8DVKkYfxsvdbFJEu9I8sIOyzkBdRg\na9RWZrk3XIATmnCQKXDf0o56eh6Gr9dJcYwPSe24Gqqjpwa+spdFPdUCgYEA29ww\nLmkOZ+I+dEvVNhCFnS8d63iJ9EyJYzj/KIuK5SoT5vFZuYrLhivGx5RXLGzhRGIl\nfHQh9M6W+FMO4h/WBPAvUSAD2z7o5yIGg73G0/yak2WI5K58zdILpgJ9F3yytTHW\nowQFW78/rt9iKPFCqA+to1Lt7kOjsj4q/Mx3GDMCgYBRxqptCNcA1JtsE3ewBmgZ\nYX1ZmDKF33XMy0UcPZxdfewY95XREm/Lxs08WF6C7wKYsFyaGEyLEAE0FPAo3HrH\nc3PpCUlqN6k8BLVLcRdshRrEKYiPBYzwWEm78yWR7H8rhU0i8HmTi+O/6JFODnyB\nwrqtbauykMViT0eR0O1enQKBgQCFlggAavzBygnAh8MIkolctCAtzpOjyE1B6IPA\nkujVzPdCvyqRPe/jmf2xjkRZTd6hujCkqbtoD45TW8QTSNy1K2rUk+tD77l7loT2\nzvxcGYOiQ3Ml348dT56cQ67V8oJy7dFIQ00uLcn36uqtjcm+a6hJMD45Iwf3aSad\na26BWQKBgBZHaWCwVVR8eac5oMqyu421RR5NuincQj7bIGxT38rtIZN4CFRyOuaE\ncm88Pv9wEdBAPub4n6eyGR8yTmby7u/SmrzpaTimxnwqtGRnPy1PxuXwF6lwRjoN\nehoPpX23lsHnWbyl/VsqlvREWVl1/avDEW3xxEA7aVxDyuWxq6Tf\n-----END RSA PRIVATE KEY-----\n",
      "type": "string",
      "sensitive": true
    },
    "public_subnet_id": {
      "value": "subnet-00644d6cfcb15d1bc",
      "type": "string"
    },
    "security_group_id": {
      "value": "sg-0986ee05e253190b9",
      "type": "string"
    },
    "vpc_id": {
      "value": "vpc-0548b9fbc6098be8f",
      "type": "string"
    }
  },
  "resources": [
    {
      "mode": "managed",
      "type": "aws_instance",
      "name": "demo_instance",
      "provider": "provider[\"registry.terraform.io/hashicorp/aws\"]",
      "instances": [
        {
          "schema_version": 2,
          "attributes": {
            "ami": "ami-0786adace1541ca80",
            "arn": "arn:aws:ec2:us-west-2:822254473505:instance/i-01afbbdff1792c167",
            "associate_public_ip_address": true,
            "availability_zone": "us-west-2a",
            "capacity_reservation_specification": [
              {
                "capacity_reservation_preference": "open",
                "capacity_reservation_target": []
              }
            ],
            "cpu_options": [
              {
                "amd_sev_snp": "",
                "core_count": 1,
                "threads_per_core": 1
              }
            ],
            "credit_specification": [
              {
                "cpu_credits": "standard"
              }
            ],
            "disable_api_stop": false,
            "disable_api_termination": false,
            "ebs_block_device": [],
            "ebs_optimized": false,
            "enable_primary_ipv6": null,
            "enclave_options": [
              {
                "enabled": false
              }
            ],
            "ephemeral_block_device": [],
            "force_destroy": false,
            "get_password_data": false,
            "hibernation": false,
            "host_id": "",
            "host_resource_group_arn": null,
            "iam_instance_profile": "",
            "id": "i-01afbbdff1792c167",
            "instance_initiated_shutdown_behavior": "stop",
            "instance_lifecycle": "",
            "instance_market_options": [],
            "instance_state": "running",
            "instance_type": "t2.micro",
            "ipv6_address_count": 0,
            "ipv6_addresses": [],
            "key_name": "8bytetaskkey",
            "launch_template": [],
            "maintenance_options": [
              {
                "auto_recovery": "default"
              }
            ],
            "metadata_options": [
              {
                "http_endpoint": "enabled",
                "http_protocol_ipv6": "disabled",
                "http_put_response_hop_limit": 2,
                "http_tokens": "required",
                "instance_metadata_tags": "disabled"
              }
            ],
            "monitoring": false,
            "network_interface": [],
            "outpost_arn": "",
            "password_data": "",
            "placement_group": "",
            "placement_group_id": "",
            "placement_partition_number": 0,
            "primary_network_interface": [
              {
                "delete_on_termination": true,
                "network_interface_id": "eni-07ca55f2eb59f997a"
              }
            ],
            "primary_network_interface_id": "eni-07ca55f2eb59f997a",
            "private_dns": "ip-10-0-1-126.us-west-2.compute.internal",
            "private_dns_name_options": [
              {
                "enable_resource_name_dns_a_record": false,
                "enable_resource_name_dns_aaaa_record": false,
                "hostname_type": "ip-name"
              }
            ],
            "private_ip": "10.0.1.126",
            "public_dns": "",
            "public_ip": "35.94.194.20",
            "region": "us-west-2",
            "root_block_device": [
              {
                "delete_on_termination": true,
                "device_name": "/dev/sda1",
                "encrypted": false,
                "iops": 3000,
                "kms_key_id": "",
                "tags": {},
                "tags_all": {},
                "throughput": 125,
                "volume_id": "vol-00c5d535f33580a62",
                "volume_size": 8,
                "volume_type": "gp3"
              }
            ],
            "secondary_private_ips": [],
            "security_groups": [],
            "source_dest_check": true,
            "spot_instance_request_id": "",
            "subnet_id": "subnet-00644d6cfcb15d1bc",
            "tags": null,
            "tags_all": {},
            "tenancy": "default",
            "timeouts": null,
            "user_data": null,
            "user_data_base64": null,
            "user_data_replace_on_change": false,
            "volume_tags": null,
            "vpc_security_group_ids": [
              "sg-0986ee05e253190b9"
            ]
          },
          "sensitive_attributes": [],
          "private": "eyJlMmJmYjczMC1lY2FhLTExZTYtOGY4OC0zNDM2M2JjN2M0YzAiOnsiY3JlYXRlIjo2MDAwMDAwMDAwMDAsImRlbGV0ZSI6MTIwMDAwMDAwMDAwMCwicmVhZCI6OTAwMDAwMDAwMDAwLCJ1cGRhdGUiOjYwMDAwMDAwMDAwMH0sInNjaGVtYV92ZXJzaW9uIjoiMiJ9",
          "dependencies": [
            "aws_key_pair.demo-key",
            "aws_security_group.web_sg",
            "aws_subnet.subnet1",
            "aws_vpc.my_vpc",
            "tls_private_key.deployer"
          ]
        }
      ]
    },
    {
      "mode": "managed",
      "type": "aws_internet_gateway",
      "name": "igw",
      "provider": "provider[\"registry.terraform.io/hashicorp/aws\"]",
      "instances": [
        {
          "schema_version": 0,
          "attributes": {
            "arn": "arn:aws:ec2:us-west-2:822254473505:internet-gateway/igw-0f5f61d6631419a45",
            "id": "igw-0f5f61d6631419a45",
            "owner_id": "822254473505",
            "region": "us-west-2",
            "tags": null,
            "tags_all": {},
            "timeouts": null,
            "vpc_id": "vpc-0548b9fbc6098be8f"
          },
          "sensitive_attributes": [],
          "private": "eyJlMmJmYjczMC1lY2FhLTExZTYtOGY4OC0zNDM2M2JjN2M0YzAiOnsiY3JlYXRlIjoxMjAwMDAwMDAwMDAwLCJkZWxldGUiOjEyMDAwMDAwMDAwMDAsInVwZGF0ZSI6MTIwMDAwMDAwMDAwMH19",
          "dependencies": [
            "aws_vpc.my_vpc"
          ]
        }
      ]
    },
    {
      "mode": "managed",
      "type": "aws_key_pair",
      "name": "demo-key",
      "provider": "provider[\"registry.terraform.io/hashicorp/aws\"]",
      "instances": [
        {
          "schema_version": 1,
          "attributes": {
            "arn": "arn:aws:ec2:us-west-2:822254473505:key-pair/8bytetaskkey",
            "fingerprint": "d8:df:a4:be:0c:40:31:0e:40:25:d6:96:06:3e:80:77",
            "id": "8bytetaskkey",
            "key_name": "8bytetaskkey",
            "key_name_prefix": "",
            "key_pair_id": "key-03782a0b8bbd2445c",
            "key_type": "rsa",
            "public_key": "ssh-rsa AAAAB3NzaC1yc2EAAAADAQABAAABAQC1Tdv4ofE6h/pIX/BxwKUxnYy9x5Ep6yqcwQJHBQGQESCE92vxFoNNoqNLdTWHQVSgmmNiLlklEQskPwEdYtKeKaRFxt93a51OHa2AvwpPHP5Yq4sNwkTrqopUU3VJKfbMGcXAAewUHLG6TW8JARvfn9Iu7vK9897ehNpCkcrABVAZe0JZjYBQnOWP9fHL+Urj1o7sgzjq6hY7ay0sGpOZ6zBv327bBKo8on5dl8r4IojJTi63TJ/889BsrFUpGR5b5XunLOdhdNbAXJIz3GO4R2P3m9EL1xgWNvyL634x2asnD8wC9JSHzl9eK4BgC4hl+SHc6CJEXDWsCeQamklv",
            "region": "us-west-2",
            "tags": null,
            "tags_all": {}
          },
          "sensitive_attributes": [],
          "private": "eyJzY2hlbWFfdmVyc2lvbiI6IjEifQ==",
          "dependencies": [
            "tls_private_key.deployer"
          ]
        }
      ]
    },
    {
      "mode": "managed",
      "type": "aws_route_table",
      "name": "public_rt",
      "provider": "provider[\"registry.terraform.io/hashicorp/aws\"]",
      "instances": [
        {
          "schema_version": 0,
          "attributes": {
            "arn": "arn:aws:ec2:us-west-2:822254473505:route-table/rtb-033beb637d76594da",
            "id": "rtb-033beb637d76594da",
            "owner_id": "822254473505",
            "propagating_vgws": [],
            "region": "us-west-2",
            "route": [
              {
                "carrier_gateway_id": "",
                "cidr_block": "0.0.0.0/0",
                "core_network_arn": "",
                "destination_prefix_list_id": "",
                "egress_only_gateway_id": "",
                "gateway_id": "igw-0f5f61d6631419a45",
                "ipv6_cidr_block": "",
                "local_gateway_id": "",
                "nat_gateway_id": "",
                "network_interface_id": "",
                "transit_gateway_id": "",
                "vpc_endpoint_id": "",
                "vpc_peering_connection_id": ""
              }
            ],
            "tags": null,
            "tags_all": {},
            "timeouts": null,
            "vpc_id": "vpc-0548b9fbc6098be8f"
          },
          "sensitive_attributes": [],
          "private": "eyJlMmJmYjczMC1lY2FhLTExZTYtOGY4OC0zNDM2M2JjN2M0YzAiOnsiY3JlYXRlIjozMDAwMDAwMDAwMDAsImRlbGV0ZSI6MzAwMDAwMDAwMDAwLCJ1cGRhdGUiOjEyMDAwMDAwMDAwMH19",
          "dependencies": [
            "aws_internet_gateway.igw",
            "aws_vpc.my_vpc"
          ]
        }
      ]
    },
    {
      "mode": "managed",
      "type": "aws_route_table_association",
      "name": "public_assoc",
      "provider": "provider[\"registry.terraform.io/hashicorp/aws\"]",
      "instances": [
        {
          "schema_version": 0,
          "attributes": {
            "gateway_id": "",
            "id": "rtbassoc-07ba65043f313dc26",
            "region": "us-west-2",
            "route_table_id": "rtb-033beb637d76594da",
            "subnet_id": "subnet-00644d6cfcb15d1bc",
            "timeouts": null
          },
          "sensitive_attributes": [],
          "private": "eyJlMmJmYjczMC1lY2FhLTExZTYtOGY4OC0zNDM2M2JjN2M0YzAiOnsiY3JlYXRlIjozMDAwMDAwMDAwMDAsImRlbGV0ZSI6MzAwMDAwMDAwMDAwLCJ1cGRhdGUiOjEyMDAwMDAwMDAwMH19",
          "dependencies": [
            "aws_internet_gateway.igw",
            "aws_route_table.public_rt",
            "aws_subnet.subnet1",
            "aws_vpc.my_vpc"
          ]
        }
      ]
    },
    {
      "mode": "managed",
      "type": "aws_security_group",
      "name": "web_sg",
      "provider": "provider[\"registry.terraform.io/hashicorp/aws\"]",
      "instances": [
        {
          "schema_version": 1,
          "attributes": {
            "arn": "arn:aws:ec2:us-west-2:822254473505:security-group/sg-0986ee05e253190b9",
            "description": "Managed by Terraform",
            "egress": [
              {
                "cidr_blocks": [
                  "0.0.0.0/0"
                ],
                "description": "Allow all outbound",
                "from_port": 0,
                "ipv6_cidr_blocks": [],
                "prefix_list_ids": [],
                "protocol": "-1",
                "security_groups": [],
                "self": false,
                "to_port": 0
              }
            ],
            "id": "sg-0986ee05e253190b9",
            "ingress": [
              {
                "cidr_blocks": [
                  "0.0.0.0/0"
                ],
                "description": "App port",
                "from_port": 3000,
                "ipv6_cidr_blocks": [],
                "prefix_list_ids": [],
                "protocol": "tcp",
                "security_groups": [],
                "self": false,
                "to_port": 3000
              },
              {
                "cidr_blocks": [
                  "0.0.0.0/0"
                ],
                "description": "SSH",
                "from_port": 22,
                "ipv6_cidr_blocks": [],
                "prefix_list_ids": [],
                "protocol": "tcp",
                "security_groups": [],
                "self": false,
                "to_port": 22
              }
            ],
            "name": "web",
            "name_prefix": "",
            "owner_id": "822254473505",
            "region": "us-west-2",
            "revoke_rules_on_delete": false,
            "tags": null,
            "tags_all": {},
            "timeouts": null,
            "vpc_id": "vpc-0548b9fbc6098be8f"
          },
          "sensitive_attributes": [],
          "private": "eyJlMmJmYjczMC1lY2FhLTExZTYtOGY4OC0zNDM2M2JjN2M0YzAiOnsiY3JlYXRlIjo2MDAwMDAwMDAwMDAsImRlbGV0ZSI6OTAwMDAwMDAwMDAwfSwic2NoZW1hX3ZlcnNpb24iOiIxIn0=",
          "dependencies": [
            "aws_vpc.my_vpc"
          ]
        }
      ]
    },
    {
      "mode": "managed",
      "type": "aws_subnet",
      "name": "subnet1",
      "provider": "provider[\"registry.terraform.io/hashicorp/aws\"]",
      "instances": [
        {
          "schema_version": 1,
          "attributes": {
            "arn": "arn:aws:ec2:us-west-2:822254473505:subnet/subnet-00644d6cfcb15d1bc",
            "assign_ipv6_address_on_creation": false,
            "availability_zone": "us-west-2a",
            "availability_zone_id": "usw2-az2",
            "cidr_block": "10.0.1.0/24",
            "customer_owned_ipv4_pool": "",
            "enable_dns64": false,
            "enable_lni_at_device_index": 0,
            "enable_resource_name_dns_a_record_on_launch": false,
            "enable_resource_name_dns_aaaa_record_on_launch": false,
            "id": "subnet-00644d6cfcb15d1bc",
            "ipv4_ipam_pool_id": null,
            "ipv4_netmask_length": null,
            "ipv6_cidr_block": "",
            "ipv6_cidr_block_association_id": "",
            "ipv6_ipam_pool_id": null,
            "ipv6_native": false,
            "ipv6_netmask_length": null,
            "map_customer_owned_ip_on_launch": false,
            "map_public_ip_on_launch": true,
            "outpost_arn": "",
            "owner_id": "822254473505",
            "private_dns_hostname_type_on_launch": "ip-name",
            "region": "us-west-2",
            "tags": null,
            "tags_all": {},
            "timeouts": null,
            "vpc_id": "vpc-0548b9fbc6098be8f"
          },
          "sensitive_attributes": [],
          "private": "eyJlMmJmYjczMC1lY2FhLTExZTYtOGY4OC0zNDM2M2JjN2M0YzAiOnsiY3JlYXRlIjo2MDAwMDAwMDAwMDAsImRlbGV0ZSI6MTIwMDAwMDAwMDAwMH0sInNjaGVtYV92ZXJzaW9uIjoiMSJ9",
          "dependencies": [
            "aws_vpc.my_vpc"
          ]
        }
      ]
    },
    {
      "mode": "managed",
      "type": "aws_vpc",
      "name": "my_vpc",
      "provider": "provider[\"registry.terraform.io/hashicorp/aws\"]",
      "instances": [
        {
          "schema_version": 1,
          "attributes": {
            "arn": "arn:aws:ec2:us-west-2:822254473505:vpc/vpc-0548b9fbc6098be8f",
            "assign_generated_ipv6_cidr_block": false,
            "cidr_block": "10.0.0.0/16",
            "default_network_acl_id": "acl-05f7831990f37c336",
            "default_route_table_id": "rtb-0fed24451552ae48d",
            "default_security_group_id": "sg-0cd8b428f40c630fd",
            "dhcp_options_id": "dopt-011e09f319361470d",
            "enable_dns_hostnames": false,
            "enable_dns_support": true,
            "enable_network_address_usage_metrics": false,
            "id": "vpc-0548b9fbc6098be8f",
            "instance_tenancy": "default",
            "ipv4_ipam_pool_id": null,
            "ipv4_netmask_length": null,
            "ipv6_association_id": "",
            "ipv6_cidr_block": "",
            "ipv6_cidr_block_network_border_group": "",
            "ipv6_ipam_pool_id": "",
            "ipv6_netmask_length": 0,
            "main_route_table_id": "rtb-0fed24451552ae48d",
            "owner_id": "822254473505",
            "region": "us-west-2",
            "tags": null,
            "tags_all": {}
          },
          "sensitive_attributes": [],
          "private": "eyJzY2hlbWFfdmVyc2lvbiI6IjEifQ=="
        }
      ]
    },
    {
      "mode": "managed",
      "type": "tls_private_key",
      "name": "deployer",
      "provider": "provider[\"registry.terraform.io/hashicorp/tls\"]",
      "instances": [
        {
          "schema_version": 1,
          "attributes": {
            "algorithm": "RSA",
            "ecdsa_curve": "P224",
            "id": "79d9acccbf50f4880aef8acb1d13c1fdf17e119e",
            "private_key_openssh": "-----BEGIN OPENSSH PRIVATE KEY-----\nb3BlbnNzaC1rZXktdjEAAAAABG5vbmUAAAAEbm9uZQAAAAAAAAABAAABFwAAAAdz\nc2gtcnNhAAAAAwEAAQAAAQEAtU3b+KHxOof6SF/wccClMZ2MvceRKesqnMECRwUB\nkBEghPdr8RaDTaKjS3U1h0FUoJpjYi5ZJRELJD8BHWLSnimkRcbfd2udTh2tgL8K\nTxz+WKuLDcJE66qKVFN1SSn2zBnFwAHsFByxuk1vCQEb35/SLu7yvfPe3oTaQpHK\nwAVQGXtCWY2AUJzlj/Xxy/lK49aO7IM46uoWO2stLBqTmeswb99u2wSqPKJ+XZfK\n+CKIyU4ut0yf/PPQbKxVKRkeW+V7pyznYXTWwFySM9xjuEdj95vRC9cYFjb8i+t+\nMdmrJw/MAvSUh85fXiuAYAuIZfkh3OgiRFw1rAnkGppJbwAAA7iYW4C+mFuAvgAA\nAAdzc2gtcnNhAAABAQC1Tdv4ofE6h/pIX/BxwKUxnYy9x5Ep6yqcwQJHBQGQESCE\n92vxFoNNoqNLdTWHQVSgmmNiLlklEQskPwEdYtKeKaRFxt93a51OHa2AvwpPHP5Y\nq4sNwkTrqopUU3VJKfbMGcXAAewUHLG6TW8JARvfn9Iu7vK9897ehNpCkcrABVAZ\ne0JZjYBQnOWP9fHL+Urj1o7sgzjq6hY7ay0sGpOZ6zBv327bBKo8on5dl8r4IojJ\nTi63TJ/889BsrFUpGR5b5XunLOdhdNbAXJIz3GO4R2P3m9EL1xgWNvyL634x2asn\nD8wC9JSHzl9eK4BgC4hl+SHc6CJEXDWsCeQamklvAAAAAwEAAQAAAQBUzRGV1j0s\nCNz2jDU9J4O81Lm3LIiH6FB6mEZV7JACEBi7SLUKw2Jv5iHl0fFTDaolIoFYs2AL\n19BzyCpf0dC8nLKS1oXAaCvgFT6JiRGr1l5bIAV+zn6JEi/4aD7kFUYzydw2Rk/j\nSlaQ0tYcCpI8gxb+z9HnKhF02AP0fhesvyXXd8gFI+tk0Isxh0VOfdCQe2tXm1ss\nR8reBBp127ZqVgfABoqqtmzWl82dL/rXFWLXZwe/s3JGJ18IArr5yORUHxu47FJf\nWVjhxLTaUJhQKtMbzBeVOvYhLaJrq8rQ73hvcNJzYl2IzdpvJM4ZrMenvQhIjBwo\nqMI8VBKD9AV9AAAAgBZHaWCwVVR8eac5oMqyu421RR5NuincQj7bIGxT38rtIZN4\nCFRyOuaEcm88Pv9wEdBAPub4n6eyGR8yTmby7u/SmrzpaTimxnwqtGRnPy1PxuXw\nF6lwRjoNehoPpX23lsHnWbyl/VsqlvREWVl1/avDEW3xxEA7aVxDyuWxq6TfAAAA\ngQDTGzfusEmCIPoWb4FhpLOcwAZndM2SNNDw5SAcvxNsMW1ZRQMVDDM/oBeWdTlR\n6B3YZmzUfz6+5M5wQWLuXqTUq/wNUqRh/Gy91sUkS70jywg7LOQF1GBr1FZmuTdc\ngBOacJApcN/Sjnp6Hoav10lxjA9J7bgaqqOnBr6yl0U91QAAAIEA29wwLmkOZ+I+\ndEvVNhCFnS8d63iJ9EyJYzj/KIuK5SoT5vFZuYrLhivGx5RXLGzhRGIlfHQh9M6W\n+FMO4h/WBPAvUSAD2z7o5yIGg73G0/yak2WI5K58zdILpgJ9F3yytTHWowQFW78/\nrt9iKPFCqA+to1Lt7kOjsj4q/Mx3GDMAAAAAAQID\n-----END OPENSSH PRIVATE KEY-----\n",
            "private_key_pem": "-----BEGIN RSA PRIVATE KEY-----\nMIIEowIBAAKCAQEAtU3b+KHxOof6SF/wccClMZ2MvceRKesqnMECRwUBkBEghPdr\n8RaDTaKjS3U1h0FUoJpjYi5ZJRELJD8BHWLSnimkRcbfd2udTh2tgL8KTxz+WKuL\nDcJE66qKVFN1SSn2zBnFwAHsFByxuk1vCQEb35/SLu7yvfPe3oTaQpHKwAVQGXtC\nWY2AUJzlj/Xxy/lK49aO7IM46uoWO2stLBqTmeswb99u2wSqPKJ+XZfK+CKIyU4u\nt0yf/PPQbKxVKRkeW+V7pyznYXTWwFySM9xjuEdj95vRC9cYFjb8i+t+MdmrJw/M\nAvSUh85fXiuAYAuIZfkh3OgiRFw1rAnkGppJbwIDAQABAoIBAFTNEZXWPSwI3PaM\nNT0ng7zUubcsiIfoUHqYRlXskAIQGLtItQrDYm/mIeXR8VMNqiUigVizYAvX0HPI\nKl/R0LycspLWhcBoK+AVPomJEavWXlsgBX7OfokSL/hoPuQVRjPJ3DZGT+NKVpDS\n1hwKkjyDFv7P0ecqEXTYA/R+F6y/Jdd3yAUj62TQizGHRU590JB7a1ebWyxHyt4E\nGnXbtmpWB8AGiqq2bNaXzZ0v+tcVYtdnB7+zckYnXwgCuvnI5FQfG7jsUl9ZWOHE\ntNpQmFAq0xvMF5U69iEtomurytDveG9w0nNiXYjN2m8kzhmsx6e9CEiMHCiowjxU\nEoP0BX0CgYEA0xs37rBJgiD6Fm+BYaSznMAGZ3TNkjTQ8OUgHL8TbDFtWUUDFQwz\nP6AXlnU5Uegd2GZs1H8+vuTOcEFi7l6k1Kv8DVKkYfxsvdbFJEu9I8sIOyzkBdRg\na9RWZrk3XIATmnCQKXDf0o56eh6Gr9dJcYwPSe24Gqqjpwa+spdFPdUCgYEA29ww\nLmkOZ+I+dEvVNhCFnS8d63iJ9EyJYzj/KIuK5SoT5vFZuYrLhivGx5RXLGzhRGIl\nfHQh9M6W+FMO4h/WBPAvUSAD2z7o5yIGg73G0/yak2WI5K58zdILpgJ9F3yytTHW\nowQFW78/rt9iKPFCqA+to1Lt7kOjsj4q/Mx3GDMCgYBRxqptCNcA1JtsE3ewBmgZ\nYX1ZmDKF33XMy0UcPZxdfewY95XREm/Lxs08WF6C7wKYsFyaGEyLEAE0FPAo3HrH\nc3PpCUlqN6k8BLVLcRdshRrEKYiPBYzwWEm78yWR7H8rhU0i8HmTi+O/6JFODnyB\nwrqtbauykMViT0eR0O1enQKBgQCFlggAavzBygnAh8MIkolctCAtzpOjyE1B6IPA\nkujVzPdCvyqRPe/jmf2xjkRZTd6hujCkqbtoD45TW8QTSNy1K2rUk+tD77l7loT2\nzvxcGYOiQ3Ml348dT56cQ67V8oJy7dFIQ00uLcn36uqtjcm+a6hJMD45Iwf3aSad\na26BWQKBgBZHaWCwVVR8eac5oMqyu421RR5NuincQj7bIGxT38rtIZN4CFRyOuaE\ncm88Pv9wEdBAPub4n6eyGR8yTmby7u/SmrzpaTimxnwqtGRnPy1PxuXwF6lwRjoN\nehoPpX23lsHnWbyl/VsqlvREWVl1/avDEW3xxEA7aVxDyuWxq6Tf\n-----END RSA PRIVATE KEY-----\n",
            "private_key_pem_pkcs8": "-----BEGIN PRIVATE KEY-----\nMIIEvQIBADANBgkqhkiG9w0BAQEFAASCBKcwggSjAgEAAoIBAQC1Tdv4ofE6h/pI\nX/BxwKUxnYy9x5Ep6yqcwQJHBQGQESCE92vxFoNNoqNLdTWHQVSgmmNiLlklEQsk\nPwEdYtKeKaRFxt93a51OHa2AvwpPHP5Yq4sNwkTrqopUU3VJKfbMGcXAAewUHLG6\nTW8JARvfn9Iu7vK9897ehNpCkcrABVAZe0JZjYBQnOWP9fHL+Urj1o7sgzjq6hY7\nay0sGpOZ6zBv327bBKo8on5dl8r4IojJTi63TJ/889BsrFUpGR5b5XunLOdhdNbA\nXJIz3GO4R2P3m9EL1xgWNvyL634x2asnD8wC9JSHzl9eK4BgC4hl+SHc6CJEXDWs\nCeQamklvAgMBAAECggEAVM0RldY9LAjc9ow1PSeDvNS5tyyIh+hQephGVeyQAhAY\nu0i1CsNib+Yh5dHxUw2qJSKBWLNgC9fQc8gqX9HQvJyyktaFwGgr4BU+iYkRq9Ze\nWyAFfs5+iRIv+Gg+5BVGM8ncNkZP40pWkNLWHAqSPIMW/s/R5yoRdNgD9H4XrL8l\n13fIBSPrZNCLMYdFTn3QkHtrV5tbLEfK3gQaddu2alYHwAaKqrZs1pfNnS/61xVi\n12cHv7NyRidfCAK6+cjkVB8buOxSX1lY4cS02lCYUCrTG8wXlTr2IS2ia6vK0O94\nb3DSc2JdiM3abyTOGazHp70ISIwcKKjCPFQSg/QFfQKBgQDTGzfusEmCIPoWb4Fh\npLOcwAZndM2SNNDw5SAcvxNsMW1ZRQMVDDM/oBeWdTlR6B3YZmzUfz6+5M5wQWLu\nXqTUq/wNUqRh/Gy91sUkS70jywg7LOQF1GBr1FZmuTdcgBOacJApcN/Sjnp6Hoav\n10lxjA9J7bgaqqOnBr6yl0U91QKBgQDb3DAuaQ5n4j50S9U2EIWdLx3reIn0TIlj\nOP8oi4rlKhPm8Vm5isuGK8bHlFcsbOFEYiV8dCH0zpb4Uw7iH9YE8C9RIAPbPujn\nIgaDvcbT/JqTZYjkrnzN0gumAn0XfLK1MdajBAVbvz+u32Io8UKoD62jUu3uQ6Oy\nPir8zHcYMwKBgFHGqm0I1wDUm2wTd7AGaBlhfVmYMoXfdczLRRw9nF197Bj3ldES\nb8vGzTxYXoLvApiwXJoYTIsQATQU8Cjcesdzc+kJSWo3qTwEtUtxF2yFGsQpiI8F\njPBYSbvzJZHsfyuFTSLweZOL47/okU4OfIHCuq1tq7KQxWJPR5HQ7V6dAoGBAIWW\nCABq/MHKCcCHwwiSiVy0IC3Ok6PITUHog8CS6NXM90K/KpE97+OZ/bGORFlN3qG6\nMKSpu2gPjlNbxBNI3LUratST60PvuXuWhPbO/FwZg6JDcyXfjx1PnpxDrtXygnLt\n0UhDTS4tyffq6q2Nyb5rqEkwPjkjB/dpJp1rboFZAoGAFkdpYLBVVHx5pzmgyrK7\njbVFHk26KdxCPtsgbFPfyu0hk3gIVHI65oRybzw+/3AR0EA+5vifp7IZHzJOZvLu\n79KavOlpOKbGfCq0ZGc/LU/G5fAXqXBGOg16Gg+lfbeWwedZvKX9WyqW9ERZWXX9\nq8MRbfHEQDtpXEPK5bGrpN8=\n-----END PRIVATE KEY-----\n",
            "public_key_fingerprint_md5": "cf:07:29:85:3b:81:f5:06:b5:2c:c4:a6:22:20:67:5a",
            "public_key_fingerprint_sha256": "SHA256:ehgZZ4zohTs8L6ElnjypDcV4flcMvetMBXie7NsOT1A",
            "public_key_openssh": "ssh-rsa AAAAB3NzaC1yc2EAAAADAQABAAABAQC1Tdv4ofE6h/pIX/BxwKUxnYy9x5Ep6yqcwQJHBQGQESCE92vxFoNNoqNLdTWHQVSgmmNiLlklEQskPwEdYtKeKaRFxt93a51OHa2AvwpPHP5Yq4sNwkTrqopUU3VJKfbMGcXAAewUHLG6TW8JARvfn9Iu7vK9897ehNpCkcrABVAZe0JZjYBQnOWP9fHL+Urj1o7sgzjq6hY7ay0sGpOZ6zBv327bBKo8on5dl8r4IojJTi63TJ/889BsrFUpGR5b5XunLOdhdNbAXJIz3GO4R2P3m9EL1xgWNvyL634x2asnD8wC9JSHzl9eK4BgC4hl+SHc6CJEXDWsCeQamklv\n",
            "public_key_pem": "-----BEGIN PUBLIC KEY-----\nMIIBIjANBgkqhkiG9w0BAQEFAAOCAQ8AMIIBCgKCAQEAtU3b+KHxOof6SF/wccCl\nMZ2MvceRKesqnMECRwUBkBEghPdr8RaDTaKjS3U1h0FUoJpjYi5ZJRELJD8BHWLS\nnimkRcbfd2udTh2tgL8KTxz+WKuLDcJE66qKVFN1SSn2zBnFwAHsFByxuk1vCQEb\n35/SLu7yvfPe3oTaQpHKwAVQGXtCWY2AUJzlj/Xxy/lK49aO7IM46uoWO2stLBqT\nmeswb99u2wSqPKJ+XZfK+CKIyU4ut0yf/PPQbKxVKRkeW+V7pyznYXTWwFySM9xj\nuEdj95vRC9cYFjb8i+t+MdmrJw/MAvSUh85fXiuAYAuIZfkh3OgiRFw1rAnkGppJ\nbwIDAQAB\n-----END PUBLIC KEY-----\n",
            "rsa_bits": 2048
          },
          "sensitive_attributes": []
        }
      ]
    }
  ],
  "check_results": null
}
